
Microsoft Visual Studio Solution File, Format Version 12.00
# Visual Studio Version 17
VisualStudioVersion = 17.5.33414.496
MinimumVisualStudioVersion = 10.0.40219.1
Project("{FAE04EC0-301F-11D3-BF4B-00C04F79EFBC}") = "db_ms", "db_ms.csproj", "{736BFD7E-FCD2-413F-A847-AF75A4D9CBC8}"
EndProject
Global
	GlobalSection(SolutionConfigurationPlatforms) = preSolution
		Debug|Any CPU = Debug|Any CPU
		Release|Any CPU = Release|Any CPU
	EndGlobalSection
	GlobalSection(ProjectConfigurationPlatforms) = postSolution
		{736BFD7E-FCD2-413F-A847-AF75A4D9CBC8}.Debug|Any CPU.ActiveCfg = Debug|Any CPU
		{736BFD7E-FCD2-413F-A847-AF75A4D9CBC8}.Debug|Any CPU.Build.0 = Debug|Any CPU
		{736BFD7E-FCD2-413F-A847-AF75A4D9CBC8}.Release|Any CPU.ActiveCfg = Release|Any CPU
		{736BFD7E-FCD2-413F-A847-AF75A4D9CBC8}.Release|Any CPU.Build.0 = Release|Any CPU
	EndGlobalSection
	GlobalSection(SolutionProperties) = preSolution
		HideSolutionNode = FALSE
	EndGlobalSection
	GlobalSection(ExtensibilityGlobals) = postSolution
		SolutionGuid = {8E7E92C2-7A0C-411E-8CD0-0D12B3B3AF6C}
	EndGlobalSection
EndGlobal
